
Microsoft Visual Studio Solution File, Format Version 12.00
# Visual Studio Version 16
VisualStudioVersion = 16.0.31702.278
MinimumVisualStudioVersion = 10.0.40219.1
Project("{8BC9CEB8-8B4A-11D0-8D11-00A0C91BC942}") = "MathLibrary", "MathLibrary\MathLibrary.vcxproj", "{4D22D11E-BEAE-498E-BD8E-DE7BD84C4D31}"
EndProject
Project("{8BC9CEB8-8B4A-11D0-8D11-00A0C91BC942}") = "MathClient", "MathClient\MathClient.vcxproj", "{8FFDB126-7669-4EC1-BC8C-098180CC231C}"
EndProject
Global
	GlobalSection(SolutionConfigurationPlatforms) = preSolution
		Debug|x64 = Debug|x64
		Debug|x86 = Debug|x86
		Release|x64 = Release|x64
		Release|x86 = Release|x86
	EndGlobalSection
	GlobalSection(ProjectConfigurationPlatforms) = postSolution
		{4D22D11E-BEAE-498E-BD8E-DE7BD84C4D31}.Debug|x64.ActiveCfg = Debug|x64
		{4D22D11E-BEAE-498E-BD8E-DE7BD84C4D31}.Debug|x64.Build.0 = Debug|x64
		{4D22D11E-BEAE-498E-BD8E-DE7BD84C4D31}.Debug|x86.ActiveCfg = Debug|Win32
		{4D22D11E-BEAE-498E-BD8E-DE7BD84C4D31}.Debug|x86.Build.0 = Debug|Win32
		{4D22D11E-BEAE-498E-BD8E-DE7BD84C4D31}.Release|x64.ActiveCfg = Release|x64
		{4D22D11E-BEAE-498E-BD8E-DE7BD84C4D31}.Release|x64.Build.0 = Release|x64
		{4D22D11E-BEAE-498E-BD8E-DE7BD84C4D31}.Release|x86.ActiveCfg = Release|Win32
		{4D22D11E-BEAE-498E-BD8E-DE7BD84C4D31}.Release|x86.Build.0 = Release|Win32
		{8FFDB126-7669-4EC1-BC8C-098180CC231C}.Debug|x64.ActiveCfg = Debug|x64
		{8FFDB126-7669-4EC1-BC8C-098180CC231C}.Debug|x64.Build.0 = Debug|x64
		{8FFDB126-7669-4EC1-BC8C-098180CC231C}.Debug|x86.ActiveCfg = Debug|Win32
		{8FFDB126-7669-4EC1-BC8C-098180CC231C}.Debug|x86.Build.0 = Debug|Win32
		{8FFDB126-7669-4EC1-BC8C-098180CC231C}.Release|x64.ActiveCfg = Release|x64
		{8FFDB126-7669-4EC1-BC8C-098180CC231C}.Release|x64.Build.0 = Release|x64
		{8FFDB126-7669-4EC1-BC8C-098180CC231C}.Release|x86.ActiveCfg = Release|Win32
		{8FFDB126-7669-4EC1-BC8C-098180CC231C}.Release|x86.Build.0 = Release|Win32
	EndGlobalSection
	GlobalSection(SolutionProperties) = preSolution
		HideSolutionNode = FALSE
	EndGlobalSection
	GlobalSection(ExtensibilityGlobals) = postSolution
		SolutionGuid = {7483F58D-1B8B-463F-8485-B29D63B9A07D}
	EndGlobalSection
EndGlobal
